// !$*UTF8*$!
{
	archiveVersion = 1;
	classes = {
	};
	objectVersion = 56;
	objects = {

/* Begin PBXBuildFile section */
		801257FF2BD914C20029FC00 /* FirebaseStorage in Frameworks */ = {isa = PBXBuildFile; productRef = 801257FE2BD914C20029FC00 /* FirebaseStorage */; };
		809538C32BC4428000990887 /* Miology.otf in Resources */ = {isa = PBXBuildFile; fileRef = 809538C22BC4428000990887 /* Miology.otf */; };
		809538C72BC838F700990887 /* FirebaseAnalytics in Frameworks */ = {isa = PBXBuildFile; productRef = 809538C62BC838F700990887 /* FirebaseAnalytics */; };
		809538C92BC838F700990887 /* FirebaseAuth in Frameworks */ = {isa = PBXBuildFile; productRef = 809538C82BC838F700990887 /* FirebaseAuth */; };
		809538CB2BC838F700990887 /* FirebaseCrashlytics in Frameworks */ = {isa = PBXBuildFile; productRef = 809538CA2BC838F700990887 /* FirebaseCrashlytics */; };
		809538CD2BC838F700990887 /* FirebaseFirestore in Frameworks */ = {isa = PBXBuildFile; productRef = 809538CC2BC838F700990887 /* FirebaseFirestore */; };
		809538CF2BC838F700990887 /* FirebaseRemoteConfig in Frameworks */ = {isa = PBXBuildFile; productRef = 809538CE2BC838F700990887 /* FirebaseRemoteConfig */; };
		80B8B28B2BD6C52F00B574CE /* GoogleService-Info.plist in Resources */ = {isa = PBXBuildFile; fileRef = 80B8B28A2BD6C52F00B574CE /* GoogleService-Info.plist */; };
		80F3CE2B2B823C9200E51AF7 /* StartGameView.swift in Sources */ = {isa = PBXBuildFile; fileRef = 80F3CE2A2B823C9200E51AF7 /* StartGameView.swift */; };
		80F3CE2F2B823D3B00E51AF7 /* GameView.swift in Sources */ = {isa = PBXBuildFile; fileRef = 80F3CE2E2B823D3B00E51AF7 /* GameView.swift */; };
		961AD04C2B837854003AF2AE /* PlayController.swift in Sources */ = {isa = PBXBuildFile; fileRef = 961AD04B2B837854003AF2AE /* PlayController.swift */; };
		961AD04E2B837DF2003AF2AE /* StateModel.swift in Sources */ = {isa = PBXBuildFile; fileRef = 961AD04D2B837DF2003AF2AE /* StateModel.swift */; };
		962494792B8238D800ABCF5E /* HangmanApp.swift in Sources */ = {isa = PBXBuildFile; fileRef = 962494782B8238D800ABCF5E /* HangmanApp.swift */; };
		9624947B2B8238D800ABCF5E /* ContentView.swift in Sources */ = {isa = PBXBuildFile; fileRef = 9624947A2B8238D800ABCF5E /* ContentView.swift */; };
		9624947D2B8238DA00ABCF5E /* Assets.xcassets in Resources */ = {isa = PBXBuildFile; fileRef = 9624947C2B8238DA00ABCF5E /* Assets.xcassets */; };
		962494802B8238DA00ABCF5E /* Preview Assets.xcassets in Resources */ = {isa = PBXBuildFile; fileRef = 9624947F2B8238DA00ABCF5E /* Preview Assets.xcassets */; };
		962494872B827F9500ABCF5E /* NextLevelView.swift in Sources */ = {isa = PBXBuildFile; fileRef = 962494862B827F9500ABCF5E /* NextLevelView.swift */; };
		962F71332BD6DDB000FA40FA /* DisplayLines.swift in Sources */ = {isa = PBXBuildFile; fileRef = 962F71322BD6DDB000FA40FA /* DisplayLines.swift */; };
		962F71352BD6DE0F00FA40FA /* DisplayKeyboard.swift in Sources */ = {isa = PBXBuildFile; fileRef = 962F71342BD6DE0F00FA40FA /* DisplayKeyboard.swift */; };
		962F71382BD6F1FF00FA40FA /* Alphabet.swift in Sources */ = {isa = PBXBuildFile; fileRef = 962F71372BD6F1FF00FA40FA /* Alphabet.swift */; };
		967C6F5C2BD124CA00BC186A /* Category.swift in Sources */ = {isa = PBXBuildFile; fileRef = 967C6F5B2BD124CA00BC186A /* Category.swift */; };
		967FA45D2BC82EC700A70BA9 /* SVGKit in Frameworks */ = {isa = PBXBuildFile; productRef = 967FA45C2BC82EC700A70BA9 /* SVGKit */; };
		967FA45F2BC82EC700A70BA9 /* SVGKitSwift in Frameworks */ = {isa = PBXBuildFile; productRef = 967FA45E2BC82EC700A70BA9 /* SVGKitSwift */; };
		968662872BE2B14800A69C52 /* SettingsView.swift in Sources */ = {isa = PBXBuildFile; fileRef = 968662862BE2B14800A69C52 /* SettingsView.swift */; };
		968EEEDF2BD6A7B400EE25CC /* RulesSheetBackground.swift in Sources */ = {isa = PBXBuildFile; fileRef = 968EEEDE2BD6A7B400EE25CC /* RulesSheetBackground.swift */; };
		968EEEE12BD6A80900EE25CC /* CategoryView.swift in Sources */ = {isa = PBXBuildFile; fileRef = 968EEEE02BD6A80900EE25CC /* CategoryView.swift */; };
		968EEEE32BD6A88800EE25CC /* RulesSheetView.swift in Sources */ = {isa = PBXBuildFile; fileRef = 968EEEE22BD6A88800EE25CC /* RulesSheetView.swift */; };
		968EEEE92BD6AB2100EE25CC /* FetchingErrorView.swift in Sources */ = {isa = PBXBuildFile; fileRef = 968EEEE82BD6AB2100EE25CC /* FetchingErrorView.swift */; };
		968EEEEB2BD6ABEC00EE25CC /* FetchingView.swift in Sources */ = {isa = PBXBuildFile; fileRef = 968EEEEA2BD6ABEC00EE25CC /* FetchingView.swift */; };
		968EEEED2BD6ADF400EE25CC /* FetchWord.swift in Sources */ = {isa = PBXBuildFile; fileRef = 968EEEEC2BD6ADF400EE25CC /* FetchWord.swift */; };
		96E3E25B2BCD63AA001F7A10 /* Lottie in Frameworks */ = {isa = PBXBuildFile; productRef = 96E3E25A2BCD63AA001F7A10 /* Lottie */; };
/* End PBXBuildFile section */

/* Begin PBXFileReference section */
		809538C22BC4428000990887 /* Miology.otf */ = {isa = PBXFileReference; lastKnownFileType = file; path = Miology.otf; sourceTree = "<group>"; };
		809538C42BC4446900990887 /* Info.plist */ = {isa = PBXFileReference; lastKnownFileType = text.plist; path = Info.plist; sourceTree = "<group>"; };
		80B8B28A2BD6C52F00B574CE /* GoogleService-Info.plist */ = {isa = PBXFileReference; fileEncoding = 4; lastKnownFileType = text.plist.xml; path = "GoogleService-Info.plist"; sourceTree = "<group>"; };
		80F3CE2A2B823C9200E51AF7 /* StartGameView.swift */ = {isa = PBXFileReference; lastKnownFileType = sourcecode.swift; path = StartGameView.swift; sourceTree = "<group>"; };
		80F3CE2E2B823D3B00E51AF7 /* GameView.swift */ = {isa = PBXFileReference; lastKnownFileType = sourcecode.swift; path = GameView.swift; sourceTree = "<group>"; };
		961AD04B2B837854003AF2AE /* PlayController.swift */ = {isa = PBXFileReference; lastKnownFileType = sourcecode.swift; path = PlayController.swift; sourceTree = "<group>"; };
		961AD04D2B837DF2003AF2AE /* StateModel.swift */ = {isa = PBXFileReference; lastKnownFileType = sourcecode.swift; path = StateModel.swift; sourceTree = "<group>"; };
		962494752B8238D800ABCF5E /* Hangman.app */ = {isa = PBXFileReference; explicitFileType = wrapper.application; includeInIndex = 0; path = Hangman.app; sourceTree = BUILT_PRODUCTS_DIR; };
		962494782B8238D800ABCF5E /* HangmanApp.swift */ = {isa = PBXFileReference; lastKnownFileType = sourcecode.swift; path = HangmanApp.swift; sourceTree = "<group>"; };
		9624947A2B8238D800ABCF5E /* ContentView.swift */ = {isa = PBXFileReference; lastKnownFileType = sourcecode.swift; path = ContentView.swift; sourceTree = "<group>"; };
		9624947C2B8238DA00ABCF5E /* Assets.xcassets */ = {isa = PBXFileReference; lastKnownFileType = folder.assetcatalog; path = Assets.xcassets; sourceTree = "<group>"; };
		9624947F2B8238DA00ABCF5E /* Preview Assets.xcassets */ = {isa = PBXFileReference; lastKnownFileType = folder.assetcatalog; path = "Preview Assets.xcassets"; sourceTree = "<group>"; };
		962494862B827F9500ABCF5E /* NextLevelView.swift */ = {isa = PBXFileReference; lastKnownFileType = sourcecode.swift; path = NextLevelView.swift; sourceTree = "<group>"; };
		962F71322BD6DDB000FA40FA /* DisplayLines.swift */ = {isa = PBXFileReference; lastKnownFileType = sourcecode.swift; path = DisplayLines.swift; sourceTree = "<group>"; };
		962F71342BD6DE0F00FA40FA /* DisplayKeyboard.swift */ = {isa = PBXFileReference; lastKnownFileType = sourcecode.swift; path = DisplayKeyboard.swift; sourceTree = "<group>"; };
		962F71372BD6F1FF00FA40FA /* Alphabet.swift */ = {isa = PBXFileReference; lastKnownFileType = sourcecode.swift; path = Alphabet.swift; sourceTree = "<group>"; };
		967C6F5B2BD124CA00BC186A /* Category.swift */ = {isa = PBXFileReference; lastKnownFileType = sourcecode.swift; path = Category.swift; sourceTree = "<group>"; };
		968662862BE2B14800A69C52 /* SettingsView.swift */ = {isa = PBXFileReference; lastKnownFileType = sourcecode.swift; path = SettingsView.swift; sourceTree = "<group>"; };
		968EEEDE2BD6A7B400EE25CC /* RulesSheetBackground.swift */ = {isa = PBXFileReference; lastKnownFileType = sourcecode.swift; path = RulesSheetBackground.swift; sourceTree = "<group>"; };
		968EEEE02BD6A80900EE25CC /* CategoryView.swift */ = {isa = PBXFileReference; lastKnownFileType = sourcecode.swift; path = CategoryView.swift; sourceTree = "<group>"; };
		968EEEE22BD6A88800EE25CC /* RulesSheetView.swift */ = {isa = PBXFileReference; lastKnownFileType = sourcecode.swift; path = RulesSheetView.swift; sourceTree = "<group>"; };
		968EEEE82BD6AB2100EE25CC /* FetchingErrorView.swift */ = {isa = PBXFileReference; lastKnownFileType = sourcecode.swift; path = FetchingErrorView.swift; sourceTree = "<group>"; };
		968EEEEA2BD6ABEC00EE25CC /* FetchingView.swift */ = {isa = PBXFileReference; lastKnownFileType = sourcecode.swift; path = FetchingView.swift; sourceTree = "<group>"; };
		968EEEEC2BD6ADF400EE25CC /* FetchWord.swift */ = {isa = PBXFileReference; lastKnownFileType = sourcecode.swift; path = FetchWord.swift; sourceTree = "<group>"; };
/* End PBXFileReference section */

/* Begin PBXFrameworksBuildPhase section */
		962494722B8238D800ABCF5E /* Frameworks */ = {
			isa = PBXFrameworksBuildPhase;
			buildActionMask = 2147483647;
			files = (
				967FA45F2BC82EC700A70BA9 /* SVGKitSwift in Frameworks */,
				967FA45D2BC82EC700A70BA9 /* SVGKit in Frameworks */,
				801257FF2BD914C20029FC00 /* FirebaseStorage in Frameworks */,
				809538CB2BC838F700990887 /* FirebaseCrashlytics in Frameworks */,
				809538CF2BC838F700990887 /* FirebaseRemoteConfig in Frameworks */,
				809538C72BC838F700990887 /* FirebaseAnalytics in Frameworks */,
				809538C92BC838F700990887 /* FirebaseAuth in Frameworks */,
				809538CD2BC838F700990887 /* FirebaseFirestore in Frameworks */,
				96E3E25B2BCD63AA001F7A10 /* Lottie in Frameworks */,
			);
			runOnlyForDeploymentPostprocessing = 0;
		};
/* End PBXFrameworksBuildPhase section */

/* Begin PBXGroup section */
		809538C02BC4425D00990887 /* Ressources */ = {
			isa = PBXGroup;
			children = (
				809538C12BC4426A00990887 /* Fonts */,
			);
			path = Ressources;
			sourceTree = "<group>";
		};
		809538C12BC4426A00990887 /* Fonts */ = {
			isa = PBXGroup;
			children = (
				809538C22BC4428000990887 /* Miology.otf */,
			);
			path = Fonts;
			sourceTree = "<group>";
		};
		80B8B2892BD6C50700B574CE /* Firebase */ = {
			isa = PBXGroup;
			children = (
				80B8B28A2BD6C52F00B574CE /* GoogleService-Info.plist */,
			);
			path = Firebase;
			sourceTree = "<group>";
		};
		9624946C2B8238D800ABCF5E = {
			isa = PBXGroup;
			children = (
				962494772B8238D800ABCF5E /* Hangman */,
				962494762B8238D800ABCF5E /* Products */,
			);
			sourceTree = "<group>";
		};
		962494762B8238D800ABCF5E /* Products */ = {
			isa = PBXGroup;
			children = (
				962494752B8238D800ABCF5E /* Hangman.app */,
			);
			name = Products;
			sourceTree = "<group>";
		};
		962494772B8238D800ABCF5E /* Hangman */ = {
			isa = PBXGroup;
			children = (
				809538C42BC4446900990887 /* Info.plist */,
				80B8B2892BD6C50700B574CE /* Firebase */,
				809538C02BC4425D00990887 /* Ressources */,
				9624947C2B8238DA00ABCF5E /* Assets.xcassets */,
				962494782B8238D800ABCF5E /* HangmanApp.swift */,
				968EEEE42BD6AA2D00EE25CC /* Models */,
				962F71362BD6F1DE00FA40FA /* Enums */,
				968EEEE52BD6AA5900EE25CC /* Views */,
				968EEEE62BD6AA8900EE25CC /* Managers */,
				968EEEE72BD6AAD100EE25CC /* BezierPaths */,
				962F71312BD6DA6B00FA40FA /* Functions */,
				9624947E2B8238DA00ABCF5E /* Preview Content */,
			);
			path = Hangman;
			sourceTree = "<group>";
		};
		9624947E2B8238DA00ABCF5E /* Preview Content */ = {
			isa = PBXGroup;
			children = (
				9624947F2B8238DA00ABCF5E /* Preview Assets.xcassets */,
			);
			path = "Preview Content";
			sourceTree = "<group>";
		};
		962F71312BD6DA6B00FA40FA /* Functions */ = {
			isa = PBXGroup;
			children = (
				968EEEEC2BD6ADF400EE25CC /* FetchWord.swift */,
			);
			path = Functions;
			sourceTree = "<group>";
		};
		962F71362BD6F1DE00FA40FA /* Enums */ = {
			isa = PBXGroup;
			children = (
				967C6F5B2BD124CA00BC186A /* Category.swift */,
				962F71372BD6F1FF00FA40FA /* Alphabet.swift */,
			);
			path = Enums;
			sourceTree = "<group>";
		};
		962F713B2BD6F7F600FA40FA /* SubViews */ = {
			isa = PBXGroup;
			children = (
				962F71342BD6DE0F00FA40FA /* DisplayKeyboard.swift */,
				962F71322BD6DDB000FA40FA /* DisplayLines.swift */,
				968EEEEA2BD6ABEC00EE25CC /* FetchingView.swift */,
				968EEEE82BD6AB2100EE25CC /* FetchingErrorView.swift */,
				968EEEE02BD6A80900EE25CC /* CategoryView.swift */,
			);
			path = SubViews;
			sourceTree = "<group>";
		};
		968EEEE42BD6AA2D00EE25CC /* Models */ = {
			isa = PBXGroup;
			children = (
				961AD04D2B837DF2003AF2AE /* StateModel.swift */,
			);
			path = Models;
			sourceTree = "<group>";
		};
		968EEEE52BD6AA5900EE25CC /* Views */ = {
			isa = PBXGroup;
			children = (
				9624947A2B8238D800ABCF5E /* ContentView.swift */,
				80F3CE2A2B823C9200E51AF7 /* StartGameView.swift */,
				80F3CE2E2B823D3B00E51AF7 /* GameView.swift */,
				962494862B827F9500ABCF5E /* NextLevelView.swift */,
				968EEEE22BD6A88800EE25CC /* RulesSheetView.swift */,
				968662862BE2B14800A69C52 /* SettingsView.swift */,
				962F713B2BD6F7F600FA40FA /* SubViews */,
			);
			path = Views;
			sourceTree = "<group>";
		};
		968EEEE62BD6AA8900EE25CC /* Managers */ = {
			isa = PBXGroup;
			children = (
				961AD04B2B837854003AF2AE /* PlayController.swift */,
			);
			path = Managers;
			sourceTree = "<group>";
		};
		968EEEE72BD6AAD100EE25CC /* BezierPaths */ = {
			isa = PBXGroup;
			children = (
				968EEEDE2BD6A7B400EE25CC /* RulesSheetBackground.swift */,
			);
			path = BezierPaths;
			sourceTree = "<group>";
		};
/* End PBXGroup section */

/* Begin PBXNativeTarget section */
		962494742B8238D800ABCF5E /* Hangman */ = {
			isa = PBXNativeTarget;
			buildConfigurationList = 962494832B8238DA00ABCF5E /* Build configuration list for PBXNativeTarget "Hangman" */;
			buildPhases = (
				962494712B8238D800ABCF5E /* Sources */,
				962494722B8238D800ABCF5E /* Frameworks */,
				962494732B8238D800ABCF5E /* Resources */,
			);
			buildRules = (
			);
			dependencies = (
			);
			name = Hangman;
			packageProductDependencies = (
				967FA45C2BC82EC700A70BA9 /* SVGKit */,
				967FA45E2BC82EC700A70BA9 /* SVGKitSwift */,
				809538C62BC838F700990887 /* FirebaseAnalytics */,
				809538C82BC838F700990887 /* FirebaseAuth */,
				809538CA2BC838F700990887 /* FirebaseCrashlytics */,
				809538CC2BC838F700990887 /* FirebaseFirestore */,
				809538CE2BC838F700990887 /* FirebaseRemoteConfig */,
				96E3E25A2BCD63AA001F7A10 /* Lottie */,
				801257FE2BD914C20029FC00 /* FirebaseStorage */,
			);
			productName = Hangman;
			productReference = 962494752B8238D800ABCF5E /* Hangman.app */;
			productType = "com.apple.product-type.application";
		};
/* End PBXNativeTarget section */

/* Begin PBXProject section */
		9624946D2B8238D800ABCF5E /* Project object */ = {
			isa = PBXProject;
			attributes = {
				BuildIndependentTargetsInParallel = 1;
				LastSwiftUpdateCheck = 1500;
				LastUpgradeCheck = 1500;
				TargetAttributes = {
					962494742B8238D800ABCF5E = {
						CreatedOnToolsVersion = 15.0.1;
					};
				};
			};
			buildConfigurationList = 962494702B8238D800ABCF5E /* Build configuration list for PBXProject "Hangman" */;
			compatibilityVersion = "Xcode 14.0";
			developmentRegion = en;
			hasScannedForEncodings = 0;
			knownRegions = (
				en,
				Base,
			);
			mainGroup = 9624946C2B8238D800ABCF5E;
			packageReferences = (
				967FA45B2BC82EC700A70BA9 /* XCRemoteSwiftPackageReference "SVGKit" */,
				809538C52BC838F700990887 /* XCRemoteSwiftPackageReference "firebase-ios-sdk" */,
				96E3E2592BCD63AA001F7A10 /* XCRemoteSwiftPackageReference "lottie-ios" */,
			);
			productRefGroup = 962494762B8238D800ABCF5E /* Products */;
			projectDirPath = "";
			projectRoot = "";
			targets = (
				962494742B8238D800ABCF5E /* Hangman */,
			);
		};
/* End PBXProject section */

/* Begin PBXResourcesBuildPhase section */
		962494732B8238D800ABCF5E /* Resources */ = {
			isa = PBXResourcesBuildPhase;
			buildActionMask = 2147483647;
			files = (
				962494802B8238DA00ABCF5E /* Preview Assets.xcassets in Resources */,
				80B8B28B2BD6C52F00B574CE /* GoogleService-Info.plist in Resources */,
				9624947D2B8238DA00ABCF5E /* Assets.xcassets in Resources */,
				809538C32BC4428000990887 /* Miology.otf in Resources */,
			);
			runOnlyForDeploymentPostprocessing = 0;
		};
/* End PBXResourcesBuildPhase section */

/* Begin PBXSourcesBuildPhase section */
		962494712B8238D800ABCF5E /* Sources */ = {
			isa = PBXSourcesBuildPhase;
			buildActionMask = 2147483647;
			files = (
				9624947B2B8238D800ABCF5E /* ContentView.swift in Sources */,
				962F71332BD6DDB000FA40FA /* DisplayLines.swift in Sources */,
				961AD04C2B837854003AF2AE /* PlayController.swift in Sources */,
				968EEEED2BD6ADF400EE25CC /* FetchWord.swift in Sources */,
				80F3CE2B2B823C9200E51AF7 /* StartGameView.swift in Sources */,
				967C6F5C2BD124CA00BC186A /* Category.swift in Sources */,
				968EEEE32BD6A88800EE25CC /* RulesSheetView.swift in Sources */,
				962F71382BD6F1FF00FA40FA /* Alphabet.swift in Sources */,
				962F71352BD6DE0F00FA40FA /* DisplayKeyboard.swift in Sources */,
				80F3CE2F2B823D3B00E51AF7 /* GameView.swift in Sources */,
				968EEEDF2BD6A7B400EE25CC /* RulesSheetBackground.swift in Sources */,
				968EEEE92BD6AB2100EE25CC /* FetchingErrorView.swift in Sources */,
				961AD04E2B837DF2003AF2AE /* StateModel.swift in Sources */,
				962494792B8238D800ABCF5E /* HangmanApp.swift in Sources */,
				962494872B827F9500ABCF5E /* NextLevelView.swift in Sources */,
				968EEEEB2BD6ABEC00EE25CC /* FetchingView.swift in Sources */,
				968EEEE12BD6A80900EE25CC /* CategoryView.swift in Sources */,
				968662872BE2B14800A69C52 /* SettingsView.swift in Sources */,
			);
			runOnlyForDeploymentPostprocessing = 0;
		};
/* End PBXSourcesBuildPhase section */

/* Begin XCBuildConfiguration section */
		962494812B8238DA00ABCF5E /* Debug */ = {
			isa = XCBuildConfiguration;
			buildSettings = {
				ALWAYS_SEARCH_USER_PATHS = NO;
				ASSETCATALOG_COMPILER_GENERATE_SWIFT_ASSET_SYMBOL_EXTENSIONS = YES;
				CLANG_ANALYZER_NONNULL = YES;
				CLANG_ANALYZER_NUMBER_OBJECT_CONVERSION = YES_AGGRESSIVE;
				CLANG_CXX_LANGUAGE_STANDARD = "gnu++20";
				CLANG_ENABLE_MODULES = YES;
				CLANG_ENABLE_OBJC_ARC = YES;
				CLANG_ENABLE_OBJC_WEAK = YES;
				CLANG_WARN_BLOCK_CAPTURE_AUTORELEASING = YES;
				CLANG_WARN_BOOL_CONVERSION = YES;
				CLANG_WARN_COMMA = YES;
				CLANG_WARN_CONSTANT_CONVERSION = YES;
				CLANG_WARN_DEPRECATED_OBJC_IMPLEMENTATIONS = YES;
				CLANG_WARN_DIRECT_OBJC_ISA_USAGE = YES_ERROR;
				CLANG_WARN_DOCUMENTATION_COMMENTS = YES;
				CLANG_WARN_EMPTY_BODY = YES;
				CLANG_WARN_ENUM_CONVERSION = YES;
				CLANG_WARN_INFINITE_RECURSION = YES;
				CLANG_WARN_INT_CONVERSION = YES;
				CLANG_WARN_NON_LITERAL_NULL_CONVERSION = YES;
				CLANG_WARN_OBJC_IMPLICIT_RETAIN_SELF = YES;
				CLANG_WARN_OBJC_LITERAL_CONVERSION = YES;
				CLANG_WARN_OBJC_ROOT_CLASS = YES_ERROR;
				CLANG_WARN_QUOTED_INCLUDE_IN_FRAMEWORK_HEADER = YES;
				CLANG_WARN_RANGE_LOOP_ANALYSIS = YES;
				CLANG_WARN_STRICT_PROTOTYPES = YES;
				CLANG_WARN_SUSPICIOUS_MOVE = YES;
				CLANG_WARN_UNGUARDED_AVAILABILITY = YES_AGGRESSIVE;
				CLANG_WARN_UNREACHABLE_CODE = YES;
				CLANG_WARN__DUPLICATE_METHOD_MATCH = YES;
				COPY_PHASE_STRIP = NO;
				DEBUG_INFORMATION_FORMAT = dwarf;
				ENABLE_STRICT_OBJC_MSGSEND = YES;
				ENABLE_TESTABILITY = YES;
				ENABLE_USER_SCRIPT_SANDBOXING = YES;
				GCC_C_LANGUAGE_STANDARD = gnu17;
				GCC_DYNAMIC_NO_PIC = NO;
				GCC_NO_COMMON_BLOCKS = YES;
				GCC_OPTIMIZATION_LEVEL = 0;
				GCC_PREPROCESSOR_DEFINITIONS = (
					"DEBUG=1",
					"$(inherited)",
				);
				GCC_WARN_64_TO_32_BIT_CONVERSION = YES;
				GCC_WARN_ABOUT_RETURN_TYPE = YES_ERROR;
				GCC_WARN_UNDECLARED_SELECTOR = YES;
				GCC_WARN_UNINITIALIZED_AUTOS = YES_AGGRESSIVE;
				GCC_WARN_UNUSED_FUNCTION = YES;
				GCC_WARN_UNUSED_VARIABLE = YES;
				IPHONEOS_DEPLOYMENT_TARGET = 17.0;
				LOCALIZATION_PREFERS_STRING_CATALOGS = YES;
				MTL_ENABLE_DEBUG_INFO = INCLUDE_SOURCE;
				MTL_FAST_MATH = YES;
				ONLY_ACTIVE_ARCH = YES;
				SDKROOT = iphoneos;
				SWIFT_ACTIVE_COMPILATION_CONDITIONS = "DEBUG $(inherited)";
				SWIFT_OPTIMIZATION_LEVEL = "-Onone";
			};
			name = Debug;
		};
		962494822B8238DA00ABCF5E /* Release */ = {
			isa = XCBuildConfiguration;
			buildSettings = {
				ALWAYS_SEARCH_USER_PATHS = NO;
				ASSETCATALOG_COMPILER_GENERATE_SWIFT_ASSET_SYMBOL_EXTENSIONS = YES;
				CLANG_ANALYZER_NONNULL = YES;
				CLANG_ANALYZER_NUMBER_OBJECT_CONVERSION = YES_AGGRESSIVE;
				CLANG_CXX_LANGUAGE_STANDARD = "gnu++20";
				CLANG_ENABLE_MODULES = YES;
				CLANG_ENABLE_OBJC_ARC = YES;
				CLANG_ENABLE_OBJC_WEAK = YES;
				CLANG_WARN_BLOCK_CAPTURE_AUTORELEASING = YES;
				CLANG_WARN_BOOL_CONVERSION = YES;
				CLANG_WARN_COMMA = YES;
				CLANG_WARN_CONSTANT_CONVERSION = YES;
				CLANG_WARN_DEPRECATED_OBJC_IMPLEMENTATIONS = YES;
				CLANG_WARN_DIRECT_OBJC_ISA_USAGE = YES_ERROR;
				CLANG_WARN_DOCUMENTATION_COMMENTS = YES;
				CLANG_WARN_EMPTY_BODY = YES;
				CLANG_WARN_ENUM_CONVERSION = YES;
				CLANG_WARN_INFINITE_RECURSION = YES;
				CLANG_WARN_INT_CONVERSION = YES;
				CLANG_WARN_NON_LITERAL_NULL_CONVERSION = YES;
				CLANG_WARN_OBJC_IMPLICIT_RETAIN_SELF = YES;
				CLANG_WARN_OBJC_LITERAL_CONVERSION = YES;
				CLANG_WARN_OBJC_ROOT_CLASS = YES_ERROR;
				CLANG_WARN_QUOTED_INCLUDE_IN_FRAMEWORK_HEADER = YES;
				CLANG_WARN_RANGE_LOOP_ANALYSIS = YES;
				CLANG_WARN_STRICT_PROTOTYPES = YES;
				CLANG_WARN_SUSPICIOUS_MOVE = YES;
				CLANG_WARN_UNGUARDED_AVAILABILITY = YES_AGGRESSIVE;
				CLANG_WARN_UNREACHABLE_CODE = YES;
				CLANG_WARN__DUPLICATE_METHOD_MATCH = YES;
				COPY_PHASE_STRIP = NO;
				DEBUG_INFORMATION_FORMAT = "dwarf-with-dsym";
				ENABLE_NS_ASSERTIONS = NO;
				ENABLE_STRICT_OBJC_MSGSEND = YES;
				ENABLE_USER_SCRIPT_SANDBOXING = YES;
				GCC_C_LANGUAGE_STANDARD = gnu17;
				GCC_NO_COMMON_BLOCKS = YES;
				GCC_WARN_64_TO_32_BIT_CONVERSION = YES;
				GCC_WARN_ABOUT_RETURN_TYPE = YES_ERROR;
				GCC_WARN_UNDECLARED_SELECTOR = YES;
				GCC_WARN_UNINITIALIZED_AUTOS = YES_AGGRESSIVE;
				GCC_WARN_UNUSED_FUNCTION = YES;
				GCC_WARN_UNUSED_VARIABLE = YES;
				IPHONEOS_DEPLOYMENT_TARGET = 17.0;
				LOCALIZATION_PREFERS_STRING_CATALOGS = YES;
				MTL_ENABLE_DEBUG_INFO = NO;
				MTL_FAST_MATH = YES;
				SDKROOT = iphoneos;
				SWIFT_COMPILATION_MODE = wholemodule;
				VALIDATE_PRODUCT = YES;
			};
			name = Release;
		};
		962494842B8238DA00ABCF5E /* Debug */ = {
			isa = XCBuildConfiguration;
			buildSettings = {
				ASSETCATALOG_COMPILER_APPICON_NAME = AppIcon;
				ASSETCATALOG_COMPILER_GLOBAL_ACCENT_COLOR_NAME = AccentColor;
				CODE_SIGN_STYLE = Automatic;
				CURRENT_PROJECT_VERSION = 1;
				DEVELOPMENT_ASSET_PATHS = "\"Hangman/Preview Content\"";
				DEVELOPMENT_TEAM = 3G8G647753;
				ENABLE_PREVIEWS = YES;
				GENERATE_INFOPLIST_FILE = YES;
				INFOPLIST_FILE = Hangman/Info.plist;
				INFOPLIST_KEY_LSApplicationCategoryType = "";
				INFOPLIST_KEY_UIApplicationSceneManifest_Generation = YES;
				INFOPLIST_KEY_UIApplicationSupportsIndirectInputEvents = YES;
				INFOPLIST_KEY_UILaunchScreen_Generation = YES;
				INFOPLIST_KEY_UIStatusBarStyle = "";
				INFOPLIST_KEY_UISupportedInterfaceOrientations_iPad = "UIInterfaceOrientationPortrait UIInterfaceOrientationPortraitUpsideDown UIInterfaceOrientationLandscapeLeft UIInterfaceOrientationLandscapeRight";
				INFOPLIST_KEY_UISupportedInterfaceOrientations_iPhone = "UIInterfaceOrientationPortrait UIInterfaceOrientationLandscapeLeft UIInterfaceOrientationLandscapeRight";
				LD_RUNPATH_SEARCH_PATHS = (
					"$(inherited)",
					"@executable_path/Frameworks",
				);
				MARKETING_VERSION = 1.0;
				PRODUCT_BUNDLE_IDENTIFIER = IOS.Hangman;
				PRODUCT_NAME = "$(TARGET_NAME)";
				SWIFT_EMIT_LOC_STRINGS = YES;
				SWIFT_VERSION = 5.0;
				TARGETED_DEVICE_FAMILY = "1,2";
			};
			name = Debug;
		};
		962494852B8238DA00ABCF5E /* Release */ = {
			isa = XCBuildConfiguration;
			buildSettings = {
				ASSETCATALOG_COMPILER_APPICON_NAME = AppIcon;
				ASSETCATALOG_COMPILER_GLOBAL_ACCENT_COLOR_NAME = AccentColor;
				CODE_SIGN_STYLE = Automatic;
				CURRENT_PROJECT_VERSION = 1;
				DEVELOPMENT_ASSET_PATHS = "\"Hangman/Preview Content\"";
				DEVELOPMENT_TEAM = 3G8G647753;
				ENABLE_PREVIEWS = YES;
				GENERATE_INFOPLIST_FILE = YES;
				INFOPLIST_FILE = Hangman/Info.plist;
				INFOPLIST_KEY_LSApplicationCategoryType = "";
				INFOPLIST_KEY_UIApplicationSceneManifest_Generation = YES;
				INFOPLIST_KEY_UIApplicationSupportsIndirectInputEvents = YES;
				INFOPLIST_KEY_UILaunchScreen_Generation = YES;
				INFOPLIST_KEY_UIStatusBarStyle = "";
				INFOPLIST_KEY_UISupportedInterfaceOrientations_iPad = "UIInterfaceOrientationPortrait UIInterfaceOrientationPortraitUpsideDown UIInterfaceOrientationLandscapeLeft UIInterfaceOrientationLandscapeRight";
				INFOPLIST_KEY_UISupportedInterfaceOrientations_iPhone = "UIInterfaceOrientationPortrait UIInterfaceOrientationLandscapeLeft UIInterfaceOrientationLandscapeRight";
				LD_RUNPATH_SEARCH_PATHS = (
					"$(inherited)",
					"@executable_path/Frameworks",
				);
				MARKETING_VERSION = 1.0;
				PRODUCT_BUNDLE_IDENTIFIER = IOS.Hangman;
				PRODUCT_NAME = "$(TARGET_NAME)";
				SWIFT_EMIT_LOC_STRINGS = YES;
				SWIFT_VERSION = 5.0;
				TARGETED_DEVICE_FAMILY = "1,2";
			};
			name = Release;
		};
/* End XCBuildConfiguration section */

/* Begin XCConfigurationList section */
		962494702B8238D800ABCF5E /* Build configuration list for PBXProject "Hangman" */ = {
			isa = XCConfigurationList;
			buildConfigurations = (
				962494812B8238DA00ABCF5E /* Debug */,
				962494822B8238DA00ABCF5E /* Release */,
			);
			defaultConfigurationIsVisible = 0;
			defaultConfigurationName = Release;
		};
		962494832B8238DA00ABCF5E /* Build configuration list for PBXNativeTarget "Hangman" */ = {
			isa = XCConfigurationList;
			buildConfigurations = (
				962494842B8238DA00ABCF5E /* Debug */,
				962494852B8238DA00ABCF5E /* Release */,
			);
			defaultConfigurationIsVisible = 0;
			defaultConfigurationName = Release;
		};
/* End XCConfigurationList section */

/* Begin XCRemoteSwiftPackageReference section */
		809538C52BC838F700990887 /* XCRemoteSwiftPackageReference "firebase-ios-sdk" */ = {
			isa = XCRemoteSwiftPackageReference;
			repositoryURL = "https://github.com/firebase/firebase-ios-sdk.git";
			requirement = {
				kind = upToNextMajorVersion;
				minimumVersion = 10.24.0;
			};
		};
		967FA45B2BC82EC700A70BA9 /* XCRemoteSwiftPackageReference "SVGKit" */ = {
			isa = XCRemoteSwiftPackageReference;
			repositoryURL = "https://github.com/SVGKit/SVGKit";
			requirement = {
				kind = upToNextMajorVersion;
				minimumVersion = 3.0.0;
			};
		};
		96E3E2592BCD63AA001F7A10 /* XCRemoteSwiftPackageReference "lottie-ios" */ = {
			isa = XCRemoteSwiftPackageReference;
			repositoryURL = "https://github.com/airbnb/lottie-ios";
			requirement = {
				kind = upToNextMajorVersion;
				minimumVersion = 4.4.2;
			};
		};
/* End XCRemoteSwiftPackageReference section */

/* Begin XCSwiftPackageProductDependency section */
		801257FE2BD914C20029FC00 /* FirebaseStorage */ = {
			isa = XCSwiftPackageProductDependency;
			package = 809538C52BC838F700990887 /* XCRemoteSwiftPackageReference "firebase-ios-sdk" */;
			productName = FirebaseStorage;
		};
		809538C62BC838F700990887 /* FirebaseAnalytics */ = {
			isa = XCSwiftPackageProductDependency;
			package = 809538C52BC838F700990887 /* XCRemoteSwiftPackageReference "firebase-ios-sdk" */;
			productName = FirebaseAnalytics;
		};
		809538C82BC838F700990887 /* FirebaseAuth */ = {
			isa = XCSwiftPackageProductDependency;
			package = 809538C52BC838F700990887 /* XCRemoteSwiftPackageReference "firebase-ios-sdk" */;
			productName = FirebaseAuth;
		};
		809538CA2BC838F700990887 /* FirebaseCrashlytics */ = {
			isa = XCSwiftPackageProductDependency;
			package = 809538C52BC838F700990887 /* XCRemoteSwiftPackageReference "firebase-ios-sdk" */;
			productName = FirebaseCrashlytics;
		};
		809538CC2BC838F700990887 /* FirebaseFirestore */ = {
			isa = XCSwiftPackageProductDependency;
			package = 809538C52BC838F700990887 /* XCRemoteSwiftPackageReference "firebase-ios-sdk" */;
			productName = FirebaseFirestore;
		};
		809538CE2BC838F700990887 /* FirebaseRemoteConfig */ = {
			isa = XCSwiftPackageProductDependency;
			package = 809538C52BC838F700990887 /* XCRemoteSwiftPackageReference "firebase-ios-sdk" */;
			productName = FirebaseRemoteConfig;
		};
		967FA45C2BC82EC700A70BA9 /* SVGKit */ = {
			isa = XCSwiftPackageProductDependency;
			package = 967FA45B2BC82EC700A70BA9 /* XCRemoteSwiftPackageReference "SVGKit" */;
			productName = SVGKit;
		};
		967FA45E2BC82EC700A70BA9 /* SVGKitSwift */ = {
			isa = XCSwiftPackageProductDependency;
			package = 967FA45B2BC82EC700A70BA9 /* XCRemoteSwiftPackageReference "SVGKit" */;
			productName = SVGKitSwift;
		};
		96E3E25A2BCD63AA001F7A10 /* Lottie */ = {
			isa = XCSwiftPackageProductDependency;
			package = 96E3E2592BCD63AA001F7A10 /* XCRemoteSwiftPackageReference "lottie-ios" */;
			productName = Lottie;
		};
/* End XCSwiftPackageProductDependency section */
	};
	rootObject = 9624946D2B8238D800ABCF5E /* Project object */;
}
